// !$*UTF8*$!
{
	archiveVersion = 1;
	classes = {
	};
	objectVersion = 46;
	objects = {

/* Begin PBXBuildFile section */
		8209A7161E1487E400108C68 /* AppDelegate.swift in Sources */ = {isa = PBXBuildFile; fileRef = 8209A7151E1487E400108C68 /* AppDelegate.swift */; };
		8209A7181E1487E400108C68 /* CurrentLocationVC.swift in Sources */ = {isa = PBXBuildFile; fileRef = 8209A7171E1487E400108C68 /* CurrentLocationVC.swift */; };
		8209A71D1E1487E400108C68 /* Main.storyboard in Resources */ = {isa = PBXBuildFile; fileRef = 8209A71B1E1487E400108C68 /* Main.storyboard */; };
		8209A71F1E1487E400108C68 /* Assets.xcassets in Resources */ = {isa = PBXBuildFile; fileRef = 8209A71E1E1487E400108C68 /* Assets.xcassets */; };
		8209A72D1E1487E500108C68 /* InMyZoneTests.swift in Sources */ = {isa = PBXBuildFile; fileRef = 8209A72C1E1487E500108C68 /* InMyZoneTests.swift */; };
		8209A7381E1487E500108C68 /* InMyZoneUITests.swift in Sources */ = {isa = PBXBuildFile; fileRef = 8209A7371E1487E500108C68 /* InMyZoneUITests.swift */; };
		820FFD821E18719B00CCA50D /* LocationDetailsVC.swift in Sources */ = {isa = PBXBuildFile; fileRef = 820FFD811E18719B00CCA50D /* LocationDetailsVC.swift */; };
		820FFD841E18E63300CCA50D /* CategoryPickerVC.swift in Sources */ = {isa = PBXBuildFile; fileRef = 820FFD831E18E63300CCA50D /* CategoryPickerVC.swift */; };
		820FFD861E19ED6000CCA50D /* HudView.swift in Sources */ = {isa = PBXBuildFile; fileRef = 820FFD851E19ED6000CCA50D /* HudView.swift */; };
		820FFD881E1A29B200CCA50D /* Functions.swift in Sources */ = {isa = PBXBuildFile; fileRef = 820FFD871E1A29B200CCA50D /* Functions.swift */; };
		820FFD8B1E1AE1AF00CCA50D /* DataModel.xcdatamodeld in Sources */ = {isa = PBXBuildFile; fileRef = 820FFD891E1AE1AF00CCA50D /* DataModel.xcdatamodeld */; };
		820FFD921E1AE7E800CCA50D /* Location+CoreDataClass.swift in Sources */ = {isa = PBXBuildFile; fileRef = 820FFD901E1AE7E800CCA50D /* Location+CoreDataClass.swift */; };
		820FFD931E1AE7E800CCA50D /* Location+CoreDataProperties.swift in Sources */ = {isa = PBXBuildFile; fileRef = 820FFD911E1AE7E800CCA50D /* Location+CoreDataProperties.swift */; };
		820FFD971E1C382800CCA50D /* LocationsVC.swift in Sources */ = {isa = PBXBuildFile; fileRef = 820FFD961E1C382800CCA50D /* LocationsVC.swift */; };
		820FFD9B1E1C584C00CCA50D /* LocationCell.swift in Sources */ = {isa = PBXBuildFile; fileRef = 820FFD9A1E1C584C00CCA50D /* LocationCell.swift */; };
		820FFD9E1E1CC65000CCA50D /* LocationVC+Extension.swift in Sources */ = {isa = PBXBuildFile; fileRef = 820FFD9D1E1CC65000CCA50D /* LocationVC+Extension.swift */; };
		820FFDA11E1DAA8E00CCA50D /* MapKit.framework in Frameworks */ = {isa = PBXBuildFile; fileRef = 820FFDA01E1DAA8E00CCA50D /* MapKit.framework */; };
		820FFDA31E1DAC5A00CCA50D /* MapVC.swift in Sources */ = {isa = PBXBuildFile; fileRef = 820FFDA21E1DAC5A00CCA50D /* MapVC.swift */; };
		820FFDA51E1DBE2F00CCA50D /* MapVC+Extension.swift in Sources */ = {isa = PBXBuildFile; fileRef = 820FFDA41E1DBE2F00CCA50D /* MapVC+Extension.swift */; };
		820FFDA71E1DFFB800CCA50D /* LocationDetailsVC+Extension.swift in Sources */ = {isa = PBXBuildFile; fileRef = 820FFDA61E1DFFB800CCA50D /* LocationDetailsVC+Extension.swift */; };
		824AF70D1E2F4BF400BCB925 /* Launch Screen.storyboard in Resources */ = {isa = PBXBuildFile; fileRef = 824AF70C1E2F4BF400BCB925 /* Launch Screen.storyboard */; };
		827B894B1E249F840057F1AE /* UIImage+Resize.swift in Sources */ = {isa = PBXBuildFile; fileRef = 827B894A1E249F840057F1AE /* UIImage+Resize.swift */; };
		827B89921E293D6E0057F1AE /* String+AddText.swift in Sources */ = {isa = PBXBuildFile; fileRef = 827B89911E293D6E0057F1AE /* String+AddText.swift */; };
		82B4ACBB1E296D4C0014FF81 /* MyTabBarController.swift in Sources */ = {isa = PBXBuildFile; fileRef = 82B4ACBA1E296D4C0014FF81 /* MyTabBarController.swift */; };
		82B4ACBD1E296E720014FF81 /* MyNavigationController.swift in Sources */ = {isa = PBXBuildFile; fileRef = 82B4ACBC1E296E720014FF81 /* MyNavigationController.swift */; };
		82B4ACBF1E296F1B0014FF81 /* MyImagePickerController.swift in Sources */ = {isa = PBXBuildFile; fileRef = 82B4ACBE1E296F1B0014FF81 /* MyImagePickerController.swift */; };
		82B4ACC71E2C9A3F0014FF81 /* Magic.caf in Resources */ = {isa = PBXBuildFile; fileRef = 82B4ACC61E2C9A3F0014FF81 /* Magic.caf */; };
/* End PBXBuildFile section */

/* Begin PBXContainerItemProxy section */
		8209A7291E1487E400108C68 /* PBXContainerItemProxy */ = {
			isa = PBXContainerItemProxy;
			containerPortal = 8209A70A1E1487E400108C68 /* Project object */;
			proxyType = 1;
			remoteGlobalIDString = 8209A7111E1487E400108C68;
			remoteInfo = InMyZone;
		};
		8209A7341E1487E500108C68 /* PBXContainerItemProxy */ = {
			isa = PBXContainerItemProxy;
			containerPortal = 8209A70A1E1487E400108C68 /* Project object */;
			proxyType = 1;
			remoteGlobalIDString = 8209A7111E1487E400108C68;
			remoteInfo = InMyZone;
		};
/* End PBXContainerItemProxy section */

/* Begin PBXFileReference section */
		8209A7121E1487E400108C68 /* InMyZone.app */ = {isa = PBXFileReference; explicitFileType = wrapper.application; includeInIndex = 0; path = InMyZone.app; sourceTree = BUILT_PRODUCTS_DIR; };
		8209A7151E1487E400108C68 /* AppDelegate.swift */ = {isa = PBXFileReference; lastKnownFileType = sourcecode.swift; path = AppDelegate.swift; sourceTree = "<group>"; };
		8209A7171E1487E400108C68 /* CurrentLocationVC.swift */ = {isa = PBXFileReference; lastKnownFileType = sourcecode.swift; path = CurrentLocationVC.swift; sourceTree = "<group>"; };
		8209A71C1E1487E400108C68 /* Base */ = {isa = PBXFileReference; lastKnownFileType = file.storyboard; name = Base; path = Base.lproj/Main.storyboard; sourceTree = "<group>"; };
		8209A71E1E1487E400108C68 /* Assets.xcassets */ = {isa = PBXFileReference; lastKnownFileType = folder.assetcatalog; path = Assets.xcassets; sourceTree = "<group>"; };
		8209A7231E1487E400108C68 /* Info.plist */ = {isa = PBXFileReference; lastKnownFileType = text.plist.xml; path = Info.plist; sourceTree = "<group>"; };
		8209A7281E1487E400108C68 /* InMyZoneTests.xctest */ = {isa = PBXFileReference; explicitFileType = wrapper.cfbundle; includeInIndex = 0; path = InMyZoneTests.xctest; sourceTree = BUILT_PRODUCTS_DIR; };
		8209A72C1E1487E500108C68 /* InMyZoneTests.swift */ = {isa = PBXFileReference; lastKnownFileType = sourcecode.swift; path = InMyZoneTests.swift; sourceTree = "<group>"; };
		8209A72E1E1487E500108C68 /* Info.plist */ = {isa = PBXFileReference; lastKnownFileType = text.plist.xml; path = Info.plist; sourceTree = "<group>"; };
		8209A7331E1487E500108C68 /* InMyZoneUITests.xctest */ = {isa = PBXFileReference; explicitFileType = wrapper.cfbundle; includeInIndex = 0; path = InMyZoneUITests.xctest; sourceTree = BUILT_PRODUCTS_DIR; };
		8209A7371E1487E500108C68 /* InMyZoneUITests.swift */ = {isa = PBXFileReference; lastKnownFileType = sourcecode.swift; path = InMyZoneUITests.swift; sourceTree = "<group>"; };
		8209A7391E1487E500108C68 /* Info.plist */ = {isa = PBXFileReference; lastKnownFileType = text.plist.xml; path = Info.plist; sourceTree = "<group>"; };
		820FFD811E18719B00CCA50D /* LocationDetailsVC.swift */ = {isa = PBXFileReference; fileEncoding = 4; lastKnownFileType = sourcecode.swift; path = LocationDetailsVC.swift; sourceTree = "<group>"; };
		820FFD831E18E63300CCA50D /* CategoryPickerVC.swift */ = {isa = PBXFileReference; fileEncoding = 4; lastKnownFileType = sourcecode.swift; path = CategoryPickerVC.swift; sourceTree = "<group>"; };
		820FFD851E19ED6000CCA50D /* HudView.swift */ = {isa = PBXFileReference; fileEncoding = 4; lastKnownFileType = sourcecode.swift; path = HudView.swift; sourceTree = "<group>"; };
		820FFD871E1A29B200CCA50D /* Functions.swift */ = {isa = PBXFileReference; fileEncoding = 4; lastKnownFileType = sourcecode.swift; path = Functions.swift; sourceTree = "<group>"; };
		820FFD8A1E1AE1AF00CCA50D /* DataModel.xcdatamodel */ = {isa = PBXFileReference; lastKnownFileType = wrapper.xcdatamodel; path = DataModel.xcdatamodel; sourceTree = "<group>"; };
		820FFD901E1AE7E800CCA50D /* Location+CoreDataClass.swift */ = {isa = PBXFileReference; fileEncoding = 4; lastKnownFileType = sourcecode.swift; path = "Location+CoreDataClass.swift"; sourceTree = "<group>"; };
		820FFD911E1AE7E800CCA50D /* Location+CoreDataProperties.swift */ = {isa = PBXFileReference; fileEncoding = 4; lastKnownFileType = sourcecode.swift; path = "Location+CoreDataProperties.swift"; sourceTree = "<group>"; };
		820FFD961E1C382800CCA50D /* LocationsVC.swift */ = {isa = PBXFileReference; fileEncoding = 4; lastKnownFileType = sourcecode.swift; path = LocationsVC.swift; sourceTree = "<group>"; };
		820FFD9A1E1C584C00CCA50D /* LocationCell.swift */ = {isa = PBXFileReference; fileEncoding = 4; lastKnownFileType = sourcecode.swift; path = LocationCell.swift; sourceTree = "<group>"; };
		820FFD9D1E1CC65000CCA50D /* LocationVC+Extension.swift */ = {isa = PBXFileReference; fileEncoding = 4; lastKnownFileType = sourcecode.swift; path = "LocationVC+Extension.swift"; sourceTree = "<group>"; };
		820FFDA01E1DAA8E00CCA50D /* MapKit.framework */ = {isa = PBXFileReference; lastKnownFileType = wrapper.framework; name = MapKit.framework; path = System/Library/Frameworks/MapKit.framework; sourceTree = SDKROOT; };
		820FFDA21E1DAC5A00CCA50D /* MapVC.swift */ = {isa = PBXFileReference; fileEncoding = 4; lastKnownFileType = sourcecode.swift; path = MapVC.swift; sourceTree = "<group>"; };
		820FFDA41E1DBE2F00CCA50D /* MapVC+Extension.swift */ = {isa = PBXFileReference; fileEncoding = 4; lastKnownFileType = sourcecode.swift; path = "MapVC+Extension.swift"; sourceTree = "<group>"; };
		820FFDA61E1DFFB800CCA50D /* LocationDetailsVC+Extension.swift */ = {isa = PBXFileReference; fileEncoding = 4; lastKnownFileType = sourcecode.swift; path = "LocationDetailsVC+Extension.swift"; sourceTree = "<group>"; };
		824AF70C1E2F4BF400BCB925 /* Launch Screen.storyboard */ = {isa = PBXFileReference; fileEncoding = 4; lastKnownFileType = file.storyboard; path = "Launch Screen.storyboard"; sourceTree = "<group>"; };
		827B894A1E249F840057F1AE /* UIImage+Resize.swift */ = {isa = PBXFileReference; fileEncoding = 4; lastKnownFileType = sourcecode.swift; path = "UIImage+Resize.swift"; sourceTree = "<group>"; };
		827B89911E293D6E0057F1AE /* String+AddText.swift */ = {isa = PBXFileReference; fileEncoding = 4; lastKnownFileType = sourcecode.swift; path = "String+AddText.swift"; sourceTree = "<group>"; };
		82B4ACBA1E296D4C0014FF81 /* MyTabBarController.swift */ = {isa = PBXFileReference; fileEncoding = 4; lastKnownFileType = sourcecode.swift; path = MyTabBarController.swift; sourceTree = "<group>"; };
		82B4ACBC1E296E720014FF81 /* MyNavigationController.swift */ = {isa = PBXFileReference; fileEncoding = 4; lastKnownFileType = sourcecode.swift; path = MyNavigationController.swift; sourceTree = "<group>"; };
		82B4ACBE1E296F1B0014FF81 /* MyImagePickerController.swift */ = {isa = PBXFileReference; fileEncoding = 4; lastKnownFileType = sourcecode.swift; path = MyImagePickerController.swift; sourceTree = "<group>"; };
		82B4ACC61E2C9A3F0014FF81 /* Magic.caf */ = {isa = PBXFileReference; lastKnownFileType = file; path = Magic.caf; sourceTree = "<group>"; };
/* End PBXFileReference section */

/* Begin PBXFrameworksBuildPhase section */
		8209A70F1E1487E400108C68 /* Frameworks */ = {
			isa = PBXFrameworksBuildPhase;
			buildActionMask = 2147483647;
			files = (
				820FFDA11E1DAA8E00CCA50D /* MapKit.framework in Frameworks */,
			);
			runOnlyForDeploymentPostprocessing = 0;
		};
		8209A7251E1487E400108C68 /* Frameworks */ = {
			isa = PBXFrameworksBuildPhase;
			buildActionMask = 2147483647;
			files = (
			);
			runOnlyForDeploymentPostprocessing = 0;
		};
		8209A7301E1487E500108C68 /* Frameworks */ = {
			isa = PBXFrameworksBuildPhase;
			buildActionMask = 2147483647;
			files = (
			);
			runOnlyForDeploymentPostprocessing = 0;
		};
/* End PBXFrameworksBuildPhase section */

/* Begin PBXGroup section */
		8209A7091E1487E400108C68 = {
			isa = PBXGroup;
			children = (
				8209A7141E1487E400108C68 /* InMyZone */,
				8209A72B1E1487E500108C68 /* InMyZoneTests */,
				8209A7361E1487E500108C68 /* InMyZoneUITests */,
				8209A7131E1487E400108C68 /* Products */,
				820FFD9F1E1DAA8E00CCA50D /* Frameworks */,
			);
			sourceTree = "<group>";
		};
		8209A7131E1487E400108C68 /* Products */ = {
			isa = PBXGroup;
			children = (
				8209A7121E1487E400108C68 /* InMyZone.app */,
				8209A7281E1487E400108C68 /* InMyZoneTests.xctest */,
				8209A7331E1487E500108C68 /* InMyZoneUITests.xctest */,
			);
			name = Products;
			sourceTree = "<group>";
		};
		8209A7141E1487E400108C68 /* InMyZone */ = {
			isa = PBXGroup;
			children = (
				822DEB6E1F39570B00832961 /* Models */,
				822DEB701F3957C500832961 /* Views */,
				822DEB6C1F3956D800832961 /* Controllers */,
				822DEB6B1F39567F00832961 /* Extensions */,
				822DEB6D1F3956EF00832961 /* Sounds */,
				822DEB721F3958E800832961 /* Supporters */,
			);
			path = InMyZone;
			sourceTree = "<group>";
		};
		8209A72B1E1487E500108C68 /* InMyZoneTests */ = {
			isa = PBXGroup;
			children = (
				8209A72C1E1487E500108C68 /* InMyZoneTests.swift */,
				8209A72E1E1487E500108C68 /* Info.plist */,
			);
			path = InMyZoneTests;
			sourceTree = "<group>";
		};
		8209A7361E1487E500108C68 /* InMyZoneUITests */ = {
			isa = PBXGroup;
			children = (
				8209A7371E1487E500108C68 /* InMyZoneUITests.swift */,
				8209A7391E1487E500108C68 /* Info.plist */,
			);
			path = InMyZoneUITests;
			sourceTree = "<group>";
		};
		820FFD9F1E1DAA8E00CCA50D /* Frameworks */ = {
			isa = PBXGroup;
			children = (
				820FFDA01E1DAA8E00CCA50D /* MapKit.framework */,
			);
			name = Frameworks;
			sourceTree = "<group>";
		};
		822DEB6B1F39567F00832961 /* Extensions */ = {
			isa = PBXGroup;
			children = (
				820FFD9D1E1CC65000CCA50D /* LocationVC+Extension.swift */,
				820FFDA41E1DBE2F00CCA50D /* MapVC+Extension.swift */,
				820FFDA61E1DFFB800CCA50D /* LocationDetailsVC+Extension.swift */,
				827B894A1E249F840057F1AE /* UIImage+Resize.swift */,
				827B89911E293D6E0057F1AE /* String+AddText.swift */,
			);
			path = Extensions;
			sourceTree = "<group>";
		};
		822DEB6C1F3956D800832961 /* Controllers */ = {
			isa = PBXGroup;
			children = (
				8209A7171E1487E400108C68 /* CurrentLocationVC.swift */,
				820FFD961E1C382800CCA50D /* LocationsVC.swift */,
				820FFD811E18719B00CCA50D /* LocationDetailsVC.swift */,
				820FFD831E18E63300CCA50D /* CategoryPickerVC.swift */,
				820FFDA21E1DAC5A00CCA50D /* MapVC.swift */,
			);
			path = Controllers;
			sourceTree = "<group>";
		};
		822DEB6D1F3956EF00832961 /* Sounds */ = {
			isa = PBXGroup;
			children = (
				82B4ACC61E2C9A3F0014FF81 /* Magic.caf */,
			);
			path = Sounds;
			sourceTree = "<group>";
		};
		822DEB6E1F39570B00832961 /* Models */ = {
			isa = PBXGroup;
			children = (
				822DEB6F1F39579400832961 /* Core Data */,
				820FFD871E1A29B200CCA50D /* Functions.swift */,
			);
			path = Models;
			sourceTree = "<group>";
		};
		822DEB6F1F39579400832961 /* Core Data */ = {
			isa = PBXGroup;
			children = (
				820FFD901E1AE7E800CCA50D /* Location+CoreDataClass.swift */,
				820FFD911E1AE7E800CCA50D /* Location+CoreDataProperties.swift */,
				820FFD891E1AE1AF00CCA50D /* DataModel.xcdatamodeld */,
			);
			path = "Core Data";
			sourceTree = "<group>";
		};
		822DEB701F3957C500832961 /* Views */ = {
			isa = PBXGroup;
			children = (
				822DEB711F39589F00832961 /* Storyboards */,
				820FFD851E19ED6000CCA50D /* HudView.swift */,
				82B4ACBA1E296D4C0014FF81 /* MyTabBarController.swift */,
				82B4ACBC1E296E720014FF81 /* MyNavigationController.swift */,
				82B4ACBE1E296F1B0014FF81 /* MyImagePickerController.swift */,
				820FFD9A1E1C584C00CCA50D /* LocationCell.swift */,
			);
			path = Views;
			sourceTree = "<group>";
		};
		822DEB711F39589F00832961 /* Storyboards */ = {
			isa = PBXGroup;
			children = (
				8209A71B1E1487E400108C68 /* Main.storyboard */,
				824AF70C1E2F4BF400BCB925 /* Launch Screen.storyboard */,
			);
			path = Storyboards;
			sourceTree = "<group>";
		};
		822DEB721F3958E800832961 /* Supporters */ = {
			isa = PBXGroup;
			children = (
				8209A7231E1487E400108C68 /* Info.plist */,
				8209A7151E1487E400108C68 /* AppDelegate.swift */,
				8209A71E1E1487E400108C68 /* Assets.xcassets */,
			);
			path = Supporters;
			sourceTree = "<group>";
		};
/* End PBXGroup section */

/* Begin PBXNativeTarget section */
		8209A7111E1487E400108C68 /* InMyZone */ = {
			isa = PBXNativeTarget;
			buildConfigurationList = 8209A73C1E1487E500108C68 /* Build configuration list for PBXNativeTarget "InMyZone" */;
			buildPhases = (
				8209A70E1E1487E400108C68 /* Sources */,
				8209A70F1E1487E400108C68 /* Frameworks */,
				8209A7101E1487E400108C68 /* Resources */,
			);
			buildRules = (
			);
			dependencies = (
			);
			name = InMyZone;
			productName = InMyZone;
			productReference = 8209A7121E1487E400108C68 /* InMyZone.app */;
			productType = "com.apple.product-type.application";
		};
		8209A7271E1487E400108C68 /* InMyZoneTests */ = {
			isa = PBXNativeTarget;
			buildConfigurationList = 8209A73F1E1487E500108C68 /* Build configuration list for PBXNativeTarget "InMyZoneTests" */;
			buildPhases = (
				8209A7241E1487E400108C68 /* Sources */,
				8209A7251E1487E400108C68 /* Frameworks */,
				8209A7261E1487E400108C68 /* Resources */,
			);
			buildRules = (
			);
			dependencies = (
				8209A72A1E1487E400108C68 /* PBXTargetDependency */,
			);
			name = InMyZoneTests;
			productName = InMyZoneTests;
			productReference = 8209A7281E1487E400108C68 /* InMyZoneTests.xctest */;
			productType = "com.apple.product-type.bundle.unit-test";
		};
		8209A7321E1487E500108C68 /* InMyZoneUITests */ = {
			isa = PBXNativeTarget;
			buildConfigurationList = 8209A7421E1487E500108C68 /* Build configuration list for PBXNativeTarget "InMyZoneUITests" */;
			buildPhases = (
				8209A72F1E1487E500108C68 /* Sources */,
				8209A7301E1487E500108C68 /* Frameworks */,
				8209A7311E1487E500108C68 /* Resources */,
			);
			buildRules = (
			);
			dependencies = (
				8209A7351E1487E500108C68 /* PBXTargetDependency */,
			);
			name = InMyZoneUITests;
			productName = InMyZoneUITests;
			productReference = 8209A7331E1487E500108C68 /* InMyZoneUITests.xctest */;
			productType = "com.apple.product-type.bundle.ui-testing";
		};
/* End PBXNativeTarget section */

/* Begin PBXProject section */
		8209A70A1E1487E400108C68 /* Project object */ = {
			isa = PBXProject;
			attributes = {
				LastSwiftUpdateCheck = 0820;
				LastUpgradeCheck = 0820;
				ORGANIZATIONNAME = "Michael De La Cruz";
				TargetAttributes = {
					8209A7111E1487E400108C68 = {
						CreatedOnToolsVersion = 8.2.1;
						DevelopmentTeam = UP5S927B5L;
						ProvisioningStyle = Automatic;
						SystemCapabilities = {
							com.apple.Maps.iOS = {
								enabled = 1;
							};
						};
					};
					8209A7271E1487E400108C68 = {
						CreatedOnToolsVersion = 8.2.1;
						DevelopmentTeam = UP5S927B5L;
						ProvisioningStyle = Automatic;
						TestTargetID = 8209A7111E1487E400108C68;
					};
					8209A7321E1487E500108C68 = {
						CreatedOnToolsVersion = 8.2.1;
						DevelopmentTeam = UP5S927B5L;
						ProvisioningStyle = Automatic;
						TestTargetID = 8209A7111E1487E400108C68;
					};
				};
			};
			buildConfigurationList = 8209A70D1E1487E400108C68 /* Build configuration list for PBXProject "InMyZone" */;
			compatibilityVersion = "Xcode 3.2";
			developmentRegion = English;
			hasScannedForEncodings = 0;
			knownRegions = (
				en,
				Base,
			);
			mainGroup = 8209A7091E1487E400108C68;
			productRefGroup = 8209A7131E1487E400108C68 /* Products */;
			projectDirPath = "";
			projectRoot = "";
			targets = (
				8209A7111E1487E400108C68 /* InMyZone */,
				8209A7271E1487E400108C68 /* InMyZoneTests */,
				8209A7321E1487E500108C68 /* InMyZoneUITests */,
			);
		};
/* End PBXProject section */

/* Begin PBXResourcesBuildPhase section */
		8209A7101E1487E400108C68 /* Resources */ = {
			isa = PBXResourcesBuildPhase;
			buildActionMask = 2147483647;
			files = (
				8209A71F1E1487E400108C68 /* Assets.xcassets in Resources */,
				82B4ACC71E2C9A3F0014FF81 /* Magic.caf in Resources */,
				824AF70D1E2F4BF400BCB925 /* Launch Screen.storyboard in Resources */,
				8209A71D1E1487E400108C68 /* Main.storyboard in Resources */,
			);
			runOnlyForDeploymentPostprocessing = 0;
		};
		8209A7261E1487E400108C68 /* Resources */ = {
			isa = PBXResourcesBuildPhase;
			buildActionMask = 2147483647;
			files = (
			);
			runOnlyForDeploymentPostprocessing = 0;
		};
		8209A7311E1487E500108C68 /* Resources */ = {
			isa = PBXResourcesBuildPhase;
			buildActionMask = 2147483647;
			files = (
			);
			runOnlyForDeploymentPostprocessing = 0;
		};
/* End PBXResourcesBuildPhase section */

/* Begin PBXSourcesBuildPhase section */
		8209A70E1E1487E400108C68 /* Sources */ = {
			isa = PBXSourcesBuildPhase;
			buildActionMask = 2147483647;
			files = (
				820FFD8B1E1AE1AF00CCA50D /* DataModel.xcdatamodeld in Sources */,
				8209A7161E1487E400108C68 /* AppDelegate.swift in Sources */,
				820FFD861E19ED6000CCA50D /* HudView.swift in Sources */,
				827B89921E293D6E0057F1AE /* String+AddText.swift in Sources */,
				820FFDA51E1DBE2F00CCA50D /* MapVC+Extension.swift in Sources */,
				82B4ACBD1E296E720014FF81 /* MyNavigationController.swift in Sources */,
				820FFD931E1AE7E800CCA50D /* Location+CoreDataProperties.swift in Sources */,
				820FFD881E1A29B200CCA50D /* Functions.swift in Sources */,
				820FFD9B1E1C584C00CCA50D /* LocationCell.swift in Sources */,
				820FFDA71E1DFFB800CCA50D /* LocationDetailsVC+Extension.swift in Sources */,
				820FFD821E18719B00CCA50D /* LocationDetailsVC.swift in Sources */,
				82B4ACBF1E296F1B0014FF81 /* MyImagePickerController.swift in Sources */,
				820FFD9E1E1CC65000CCA50D /* LocationVC+Extension.swift in Sources */,
				82B4ACBB1E296D4C0014FF81 /* MyTabBarController.swift in Sources */,
				820FFD921E1AE7E800CCA50D /* Location+CoreDataClass.swift in Sources */,
				8209A7181E1487E400108C68 /* CurrentLocationVC.swift in Sources */,
				820FFDA31E1DAC5A00CCA50D /* MapVC.swift in Sources */,
				827B894B1E249F840057F1AE /* UIImage+Resize.swift in Sources */,
				820FFD841E18E63300CCA50D /* CategoryPickerVC.swift in Sources */,
				820FFD971E1C382800CCA50D /* LocationsVC.swift in Sources */,
			);
			runOnlyForDeploymentPostprocessing = 0;
		};
		8209A7241E1487E400108C68 /* Sources */ = {
			isa = PBXSourcesBuildPhase;
			buildActionMask = 2147483647;
			files = (
				8209A72D1E1487E500108C68 /* InMyZoneTests.swift in Sources */,
			);
			runOnlyForDeploymentPostprocessing = 0;
		};
		8209A72F1E1487E500108C68 /* Sources */ = {
			isa = PBXSourcesBuildPhase;
			buildActionMask = 2147483647;
			files = (
				8209A7381E1487E500108C68 /* InMyZoneUITests.swift in Sources */,
			);
			runOnlyForDeploymentPostprocessing = 0;
		};
/* End PBXSourcesBuildPhase section */

/* Begin PBXTargetDependency section */
		8209A72A1E1487E400108C68 /* PBXTargetDependency */ = {
			isa = PBXTargetDependency;
			target = 8209A7111E1487E400108C68 /* InMyZone */;
			targetProxy = 8209A7291E1487E400108C68 /* PBXContainerItemProxy */;
		};
		8209A7351E1487E500108C68 /* PBXTargetDependency */ = {
			isa = PBXTargetDependency;
			target = 8209A7111E1487E400108C68 /* InMyZone */;
			targetProxy = 8209A7341E1487E500108C68 /* PBXContainerItemProxy */;
		};
/* End PBXTargetDependency section */

/* Begin PBXVariantGroup section */
		8209A71B1E1487E400108C68 /* Main.storyboard */ = {
			isa = PBXVariantGroup;
			children = (
				8209A71C1E1487E400108C68 /* Base */,
			);
			name = Main.storyboard;
			sourceTree = "<group>";
		};
/* End PBXVariantGroup section */

/* Begin XCBuildConfiguration section */
		8209A73A1E1487E500108C68 /* Debug */ = {
			isa = XCBuildConfiguration;
			buildSettings = {
				ALWAYS_SEARCH_USER_PATHS = NO;
				CLANG_ANALYZER_NONNULL = YES;
				CLANG_CXX_LANGUAGE_STANDARD = "gnu++0x";
				CLANG_CXX_LIBRARY = "libc++";
				CLANG_ENABLE_MODULES = YES;
				CLANG_ENABLE_OBJC_ARC = YES;
				CLANG_WARN_BOOL_CONVERSION = YES;
				CLANG_WARN_CONSTANT_CONVERSION = YES;
				CLANG_WARN_DIRECT_OBJC_ISA_USAGE = YES_ERROR;
				CLANG_WARN_DOCUMENTATION_COMMENTS = YES;
				CLANG_WARN_EMPTY_BODY = YES;
				CLANG_WARN_ENUM_CONVERSION = YES;
				CLANG_WARN_INFINITE_RECURSION = YES;
				CLANG_WARN_INT_CONVERSION = YES;
				CLANG_WARN_OBJC_ROOT_CLASS = YES_ERROR;
				CLANG_WARN_SUSPICIOUS_MOVE = YES;
				CLANG_WARN_UNREACHABLE_CODE = YES;
				CLANG_WARN__DUPLICATE_METHOD_MATCH = YES;
				"CODE_SIGN_IDENTITY[sdk=iphoneos*]" = "iPhone Developer";
				COPY_PHASE_STRIP = NO;
				DEBUG_INFORMATION_FORMAT = dwarf;
				ENABLE_STRICT_OBJC_MSGSEND = YES;
				ENABLE_TESTABILITY = YES;
				GCC_C_LANGUAGE_STANDARD = gnu99;
				GCC_DYNAMIC_NO_PIC = NO;
				GCC_NO_COMMON_BLOCKS = YES;
				GCC_OPTIMIZATION_LEVEL = 0;
				GCC_PREPROCESSOR_DEFINITIONS = (
					"DEBUG=1",
					"$(inherited)",
				);
				GCC_WARN_64_TO_32_BIT_CONVERSION = YES;
				GCC_WARN_ABOUT_RETURN_TYPE = YES_ERROR;
				GCC_WARN_UNDECLARED_SELECTOR = YES;
				GCC_WARN_UNINITIALIZED_AUTOS = YES_AGGRESSIVE;
				GCC_WARN_UNUSED_FUNCTION = YES;
				GCC_WARN_UNUSED_VARIABLE = YES;
				IPHONEOS_DEPLOYMENT_TARGET = 10.2;
				MTL_ENABLE_DEBUG_INFO = YES;
				ONLY_ACTIVE_ARCH = YES;
				SDKROOT = iphoneos;
				SWIFT_ACTIVE_COMPILATION_CONDITIONS = DEBUG;
				SWIFT_OPTIMIZATION_LEVEL = "-Onone";
			};
			name = Debug;
		};
		8209A73B1E1487E500108C68 /* Release */ = {
			isa = XCBuildConfiguration;
			buildSettings = {
				ALWAYS_SEARCH_USER_PATHS = NO;
				CLANG_ANALYZER_NONNULL = YES;
				CLANG_CXX_LANGUAGE_STANDARD = "gnu++0x";
				CLANG_CXX_LIBRARY = "libc++";
				CLANG_ENABLE_MODULES = YES;
				CLANG_ENABLE_OBJC_ARC = YES;
				CLANG_WARN_BOOL_CONVERSION = YES;
				CLANG_WARN_CONSTANT_CONVERSION = YES;
				CLANG_WARN_DIRECT_OBJC_ISA_USAGE = YES_ERROR;
				CLANG_WARN_DOCUMENTATION_COMMENTS = YES;
				CLANG_WARN_EMPTY_BODY = YES;
				CLANG_WARN_ENUM_CONVERSION = YES;
				CLANG_WARN_INFINITE_RECURSION = YES;
				CLANG_WARN_INT_CONVERSION = YES;
				CLANG_WARN_OBJC_ROOT_CLASS = YES_ERROR;
				CLANG_WARN_SUSPICIOUS_MOVE = YES;
				CLANG_WARN_UNREACHABLE_CODE = YES;
				CLANG_WARN__DUPLICATE_METHOD_MATCH = YES;
				"CODE_SIGN_IDENTITY[sdk=iphoneos*]" = "iPhone Developer";
				COPY_PHASE_STRIP = NO;
				DEBUG_INFORMATION_FORMAT = "dwarf-with-dsym";
				ENABLE_NS_ASSERTIONS = NO;
				ENABLE_STRICT_OBJC_MSGSEND = YES;
				GCC_C_LANGUAGE_STANDARD = gnu99;
				GCC_NO_COMMON_BLOCKS = YES;
				GCC_WARN_64_TO_32_BIT_CONVERSION = YES;
				GCC_WARN_ABOUT_RETURN_TYPE = YES_ERROR;
				GCC_WARN_UNDECLARED_SELECTOR = YES;
				GCC_WARN_UNINITIALIZED_AUTOS = YES_AGGRESSIVE;
				GCC_WARN_UNUSED_FUNCTION = YES;
				GCC_WARN_UNUSED_VARIABLE = YES;
				IPHONEOS_DEPLOYMENT_TARGET = 10.2;
				MTL_ENABLE_DEBUG_INFO = NO;
				SDKROOT = iphoneos;
				SWIFT_OPTIMIZATION_LEVEL = "-Owholemodule";
				VALIDATE_PRODUCT = YES;
			};
			name = Release;
		};
		8209A73D1E1487E500108C68 /* Debug */ = {
			isa = XCBuildConfiguration;
			buildSettings = {
				ASSETCATALOG_COMPILER_APPICON_NAME = AppIcon;
				DEVELOPMENT_TEAM = UP5S927B5L;
				INFOPLIST_FILE = "$(SRCROOT)/InMyZone/Supporters/Info.plist";
				LD_RUNPATH_SEARCH_PATHS = "$(inherited) @executable_path/Frameworks";
				PRODUCT_BUNDLE_IDENTIFIER = MichaelD.InMyZone;
				PRODUCT_NAME = "$(TARGET_NAME)";
				SWIFT_VERSION = 3.0;
			};
			name = Debug;
		};
		8209A73E1E1487E500108C68 /* Release */ = {
			isa = XCBuildConfiguration;
			buildSettings = {
				ASSETCATALOG_COMPILER_APPICON_NAME = AppIcon;
				DEVELOPMENT_TEAM = UP5S927B5L;
				INFOPLIST_FILE = "$(SRCROOT)/InMyZone/Supporters/Info.plist";
				LD_RUNPATH_SEARCH_PATHS = "$(inherited) @executable_path/Frameworks";
				PRODUCT_BUNDLE_IDENTIFIER = MichaelD.InMyZone;
				PRODUCT_NAME = "$(TARGET_NAME)";
				SWIFT_VERSION = 3.0;
			};
			name = Release;
		};
		8209A7401E1487E500108C68 /* Debug */ = {
			isa = XCBuildConfiguration;
			buildSettings = {
				ALWAYS_EMBED_SWIFT_STANDARD_LIBRARIES = YES;
				BUNDLE_LOADER = "$(TEST_HOST)";
				DEVELOPMENT_TEAM = UP5S927B5L;
				INFOPLIST_FILE = InMyZoneTests/Info.plist;
				LD_RUNPATH_SEARCH_PATHS = "$(inherited) @executable_path/Frameworks @loader_path/Frameworks";
				PRODUCT_BUNDLE_IDENTIFIER = MichaelD.InMyZoneTests;
				PRODUCT_NAME = "$(TARGET_NAME)";
				SWIFT_VERSION = 3.0;
				TEST_HOST = "$(BUILT_PRODUCTS_DIR)/InMyZone.app/InMyZone";
			};
			name = Debug;
		};
		8209A7411E1487E500108C68 /* Release */ = {
			isa = XCBuildConfiguration;
			buildSettings = {
				ALWAYS_EMBED_SWIFT_STANDARD_LIBRARIES = YES;
				BUNDLE_LOADER = "$(TEST_HOST)";
				DEVELOPMENT_TEAM = UP5S927B5L;
				INFOPLIST_FILE = InMyZoneTests/Info.plist;
				LD_RUNPATH_SEARCH_PATHS = "$(inherited) @executable_path/Frameworks @loader_path/Frameworks";
				PRODUCT_BUNDLE_IDENTIFIER = MichaelD.InMyZoneTests;
				PRODUCT_NAME = "$(TARGET_NAME)";
				SWIFT_VERSION = 3.0;
				TEST_HOST = "$(BUILT_PRODUCTS_DIR)/InMyZone.app/InMyZone";
			};
			name = Release;
		};
		8209A7431E1487E500108C68 /* Debug */ = {
			isa = XCBuildConfiguration;
			buildSettings = {
				ALWAYS_EMBED_SWIFT_STANDARD_LIBRARIES = YES;
				DEVELOPMENT_TEAM = UP5S927B5L;
				INFOPLIST_FILE = InMyZoneUITests/Info.plist;
				LD_RUNPATH_SEARCH_PATHS = "$(inherited) @executable_path/Frameworks @loader_path/Frameworks";
				PRODUCT_BUNDLE_IDENTIFIER = MichaelD.InMyZoneUITests;
				PRODUCT_NAME = "$(TARGET_NAME)";
				SWIFT_VERSION = 3.0;
				TEST_TARGET_NAME = InMyZone;
			};
			name = Debug;
		};
		8209A7441E1487E500108C68 /* Release */ = {
			isa = XCBuildConfiguration;
			buildSettings = {
				ALWAYS_EMBED_SWIFT_STANDARD_LIBRARIES = YES;
				DEVELOPMENT_TEAM = UP5S927B5L;
				INFOPLIST_FILE = InMyZoneUITests/Info.plist;
				LD_RUNPATH_SEARCH_PATHS = "$(inherited) @executable_path/Frameworks @loader_path/Frameworks";
				PRODUCT_BUNDLE_IDENTIFIER = MichaelD.InMyZoneUITests;
				PRODUCT_NAME = "$(TARGET_NAME)";
				SWIFT_VERSION = 3.0;
				TEST_TARGET_NAME = InMyZone;
			};
			name = Release;
		};
/* End XCBuildConfiguration section */

/* Begin XCConfigurationList section */
		8209A70D1E1487E400108C68 /* Build configuration list for PBXProject "InMyZone" */ = {
			isa = XCConfigurationList;
			buildConfigurations = (
				8209A73A1E1487E500108C68 /* Debug */,
				8209A73B1E1487E500108C68 /* Release */,
			);
			defaultConfigurationIsVisible = 0;
			defaultConfigurationName = Release;
		};
		8209A73C1E1487E500108C68 /* Build configuration list for PBXNativeTarget "InMyZone" */ = {
			isa = XCConfigurationList;
			buildConfigurations = (
				8209A73D1E1487E500108C68 /* Debug */,
				8209A73E1E1487E500108C68 /* Release */,
			);
			defaultConfigurationIsVisible = 0;
			defaultConfigurationName = Release;
		};
		8209A73F1E1487E500108C68 /* Build configuration list for PBXNativeTarget "InMyZoneTests" */ = {
			isa = XCConfigurationList;
			buildConfigurations = (
				8209A7401E1487E500108C68 /* Debug */,
				8209A7411E1487E500108C68 /* Release */,
			);
			defaultConfigurationIsVisible = 0;
			defaultConfigurationName = Release;
		};
		8209A7421E1487E500108C68 /* Build configuration list for PBXNativeTarget "InMyZoneUITests" */ = {
			isa = XCConfigurationList;
			buildConfigurations = (
				8209A7431E1487E500108C68 /* Debug */,
				8209A7441E1487E500108C68 /* Release */,
			);
			defaultConfigurationIsVisible = 0;
			defaultConfigurationName = Release;
		};
/* End XCConfigurationList section */

/* Begin XCVersionGroup section */
		820FFD891E1AE1AF00CCA50D /* DataModel.xcdatamodeld */ = {
			isa = XCVersionGroup;
			children = (
				820FFD8A1E1AE1AF00CCA50D /* DataModel.xcdatamodel */,
			);
			currentVersion = 820FFD8A1E1AE1AF00CCA50D /* DataModel.xcdatamodel */;
			path = DataModel.xcdatamodeld;
			sourceTree = "<group>";
			versionGroupType = wrapper.xcdatamodel;
		};
/* End XCVersionGroup section */
	};
	rootObject = 8209A70A1E1487E400108C68 /* Project object */;
}
